
Microsoft Visual Studio Solution File, Format Version 12.00
# Visual Studio 2015
Project("{FAE04EC0-301F-11D3-BF4B-00C04F79EFBC}") = "Jedi-Arena.CSharp.Plugins", "Jedi-Arena.CSharp.Plugins.csproj", "{3A63D753-0C3A-ADC7-629C-60FF644C83FE}"
EndProject
Project("{FAE04EC0-301F-11D3-BF4B-00C04F79EFBC}") = "Jedi-Arena.CSharp", "Jedi-Arena.CSharp.csproj", "{71850356-8B70-CD28-87F7-8E2F80922C3C}"
EndProject
Project("{FAE04EC0-301F-11D3-BF4B-00C04F79EFBC}") = "Jedi-Arena.CSharp.Editor", "Jedi-Arena.CSharp.Editor.csproj", "{6A8EE63F-0ED6-91AC-0A0D-90F3FC1144EE}"
EndProject
Global
	GlobalSection(SolutionConfigurationPlatforms) = preSolution
		Debug|Any CPU = Debug|Any CPU
		Release|Any CPU = Release|Any CPU
	EndGlobalSection
	GlobalSection(ProjectConfigurationPlatforms) = postSolution
		{3A63D753-0C3A-ADC7-629C-60FF644C83FE}.Debug|Any CPU.ActiveCfg = Debug|Any CPU
		{3A63D753-0C3A-ADC7-629C-60FF644C83FE}.Debug|Any CPU.Build.0 = Debug|Any CPU
		{3A63D753-0C3A-ADC7-629C-60FF644C83FE}.Release|Any CPU.ActiveCfg = Release|Any CPU
		{3A63D753-0C3A-ADC7-629C-60FF644C83FE}.Release|Any CPU.Build.0 = Release|Any CPU
		{71850356-8B70-CD28-87F7-8E2F80922C3C}.Debug|Any CPU.ActiveCfg = Debug|Any CPU
		{71850356-8B70-CD28-87F7-8E2F80922C3C}.Debug|Any CPU.Build.0 = Debug|Any CPU
		{71850356-8B70-CD28-87F7-8E2F80922C3C}.Release|Any CPU.ActiveCfg = Release|Any CPU
		{71850356-8B70-CD28-87F7-8E2F80922C3C}.Release|Any CPU.Build.0 = Release|Any CPU
		{6A8EE63F-0ED6-91AC-0A0D-90F3FC1144EE}.Debug|Any CPU.ActiveCfg = Debug|Any CPU
		{6A8EE63F-0ED6-91AC-0A0D-90F3FC1144EE}.Debug|Any CPU.Build.0 = Debug|Any CPU
		{6A8EE63F-0ED6-91AC-0A0D-90F3FC1144EE}.Release|Any CPU.ActiveCfg = Release|Any CPU
		{6A8EE63F-0ED6-91AC-0A0D-90F3FC1144EE}.Release|Any CPU.Build.0 = Release|Any CPU
	EndGlobalSection
	GlobalSection(SolutionProperties) = preSolution
		HideSolutionNode = FALSE
	EndGlobalSection
<<<<<<< HEAD
																GlobalSection(MonoDevelopProperties) = preSolution
		StartupItem = Assembly-CSharp.csproj
		Policies = $0
		$0.TextStylePolicy = $1
		$1.inheritsSet = null
		$1.scope = text/x-csharp
		$0.CSharpFormattingPolicy = $2
		$2.inheritsSet = Mono
		$2.inheritsScope = text/x-csharp
		$2.scope = text/x-csharp
		$0.TextStylePolicy = $3
		$3.FileWidth = 120
		$3.TabWidth = 4
		$3.IndentWidth = 4
		$3.EolMarker = Unix
		$3.inheritsSet = Mono
		$3.inheritsScope = text/plain
		$3.scope = text/plain
	EndGlobalSection

=======
>>>>>>> f9863e24e2d009aeeca5d49cd3397adad05361e6
EndGlobal
