Microsoft Visual Studio Solution File, Format Version 11.00
# Visual Studio 2008

Project("{6F1B6EB3-85EF-BBA0-97BF-304EEA1EB772}") = "Roll a Ball", "Assembly-CSharp-firstpass.csproj", "{5313ED85-9D8C-6A5D-20A1-85D47B8FE7D7}"
EndProject
Project("{6F1B6EB3-85EF-BBA0-97BF-304EEA1EB772}") = "Roll a Ball", "Assembly-CSharp.csproj", "{8F0A54F0-5A0E-B6A5-A79C-E691566A2314}"
EndProject
Project("{6F1B6EB3-85EF-BBA0-97BF-304EEA1EB772}") = "Roll a Ball", "Assembly-CSharp-Editor.csproj", "{5DF68E04-0BB7-C8D7-4A0A-FBD72D9BCB20}"
EndProject
Global
	GlobalSection(SolutionConfigurationPlatforms) = preSolution
		Debug|Any CPU = Debug|Any CPU
		Release|Any CPU = Release|Any CPU
	EndGlobalSection
	GlobalSection(ProjectConfigurationPlatforms) = postSolution
		{5313ED85-9D8C-6A5D-20A1-85D47B8FE7D7}.Debug|Any CPU.ActiveCfg = Debug|Any CPU
		{5313ED85-9D8C-6A5D-20A1-85D47B8FE7D7}.Debug|Any CPU.Build.0 = Debug|Any CPU
		{5313ED85-9D8C-6A5D-20A1-85D47B8FE7D7}.Release|Any CPU.ActiveCfg = Release|Any CPU
		{5313ED85-9D8C-6A5D-20A1-85D47B8FE7D7}.Release|Any CPU.Build.0 = Release|Any CPU
		{8F0A54F0-5A0E-B6A5-A79C-E691566A2314}.Debug|Any CPU.ActiveCfg = Debug|Any CPU
		{8F0A54F0-5A0E-B6A5-A79C-E691566A2314}.Debug|Any CPU.Build.0 = Debug|Any CPU
		{8F0A54F0-5A0E-B6A5-A79C-E691566A2314}.Release|Any CPU.ActiveCfg = Release|Any CPU
		{8F0A54F0-5A0E-B6A5-A79C-E691566A2314}.Release|Any CPU.Build.0 = Release|Any CPU
		{5DF68E04-0BB7-C8D7-4A0A-FBD72D9BCB20}.Debug|Any CPU.ActiveCfg = Debug|Any CPU
		{5DF68E04-0BB7-C8D7-4A0A-FBD72D9BCB20}.Debug|Any CPU.Build.0 = Debug|Any CPU
		{5DF68E04-0BB7-C8D7-4A0A-FBD72D9BCB20}.Release|Any CPU.ActiveCfg = Release|Any CPU
		{5DF68E04-0BB7-C8D7-4A0A-FBD72D9BCB20}.Release|Any CPU.Build.0 = Release|Any CPU
	EndGlobalSection
	GlobalSection(SolutionProperties) = preSolution
		HideSolutionNode = FALSE
	EndGlobalSection
													GlobalSection(MonoDevelopProperties) = preSolution
		StartupItem = Assembly-CSharp.csproj
		Policies = $0
		$0.TextStylePolicy = $1
		$1.inheritsSet = null
		$1.scope = text/x-csharp
		$0.CSharpFormattingPolicy = $2
		$2.inheritsSet = Mono
		$2.inheritsScope = text/x-csharp
		$2.scope = text/x-csharp
		$0.TextStylePolicy = $3
		$3.FileWidth = 120
		$3.TabWidth = 4
		$3.IndentWidth = 4
		$3.EolMarker = Unix
		$3.inheritsSet = Mono
		$3.inheritsScope = text/plain
		$3.scope = text/plain
	EndGlobalSection

EndGlobal
